{
  "originHash" : "58f8b3f7d8f9b4f63e69fd84d69162443e380cea92e2b9303b4d1088f304f775",
  "pins" : [
    {
      "identity" : "inferno",
      "kind" : "remoteSourceControl",
      "location" : "https://github.com/twostraws/Inferno.git",
      "state" : {
        "branch" : "main",
        "revision" : "9c0941c91b9dc0e22e471bda0ac89f6e676d59b1"
      }
    }
  ],
  "version" : 3
}
